
Microsoft Visual Studio Solution File, Format Version 12.00
Project("{FAE04EC0-301F-11D3-BF4B-00C04F79EFBC}") = "PassShieldPasswordManager", "PassShieldPasswordManager\PassShieldPasswordManager.csproj", "{EEE9D094-E1F0-4D67-A4A6-B2DDA7C22A08}"
EndProject
Global
	GlobalSection(SolutionConfigurationPlatforms) = preSolution
		Debug|Any CPU = Debug|Any CPU
		Release|Any CPU = Release|Any CPU
	EndGlobalSection
	GlobalSection(ProjectConfigurationPlatforms) = postSolution
		{EEE9D094-E1F0-4D67-A4A6-B2DDA7C22A08}.Debug|Any CPU.ActiveCfg = Debug|Any CPU
		{EEE9D094-E1F0-4D67-A4A6-B2DDA7C22A08}.Debug|Any CPU.Build.0 = Debug|Any CPU
		{EEE9D094-E1F0-4D67-A4A6-B2DDA7C22A08}.Release|Any CPU.ActiveCfg = Release|Any CPU
		{EEE9D094-E1F0-4D67-A4A6-B2DDA7C22A08}.Release|Any CPU.Build.0 = Release|Any CPU
	EndGlobalSection
EndGlobal
